
Microsoft Visual Studio Solution File, Format Version 12.00
# Visual Studio 15
VisualStudioVersion = 15.0.28307.1231
MinimumVisualStudioVersion = 10.0.40219.1
Project("{8BC9CEB8-8B4A-11D0-8D11-00A0C91BC942}") = "MFCApplication3", "MFCApplication3\MFCApplication3.vcxproj", "{8933ECCC-9B96-4FB8-9E3C-79AF5C5D6DF0}"
EndProject
Global
	GlobalSection(SolutionConfigurationPlatforms) = preSolution
		Debug|x64 = Debug|x64
		Debug|x86 = Debug|x86
		Release|x64 = Release|x64
		Release|x86 = Release|x86
	EndGlobalSection
	GlobalSection(ProjectConfigurationPlatforms) = postSolution
		{8933ECCC-9B96-4FB8-9E3C-79AF5C5D6DF0}.Debug|x64.ActiveCfg = Debug|x64
		{8933ECCC-9B96-4FB8-9E3C-79AF5C5D6DF0}.Debug|x64.Build.0 = Debug|x64
		{8933ECCC-9B96-4FB8-9E3C-79AF5C5D6DF0}.Debug|x86.ActiveCfg = Debug|Win32
		{8933ECCC-9B96-4FB8-9E3C-79AF5C5D6DF0}.Debug|x86.Build.0 = Debug|Win32
		{8933ECCC-9B96-4FB8-9E3C-79AF5C5D6DF0}.Release|x64.ActiveCfg = Release|x64
		{8933ECCC-9B96-4FB8-9E3C-79AF5C5D6DF0}.Release|x64.Build.0 = Release|x64
		{8933ECCC-9B96-4FB8-9E3C-79AF5C5D6DF0}.Release|x86.ActiveCfg = Release|Win32
		{8933ECCC-9B96-4FB8-9E3C-79AF5C5D6DF0}.Release|x86.Build.0 = Release|Win32
	EndGlobalSection
	GlobalSection(SolutionProperties) = preSolution
		HideSolutionNode = FALSE
	EndGlobalSection
	GlobalSection(ExtensibilityGlobals) = postSolution
		SolutionGuid = {743E29AD-2BB4-41EC-B2C2-C2D0865884E5}
	EndGlobalSection
EndGlobal
